
Microsoft Visual Studio Solution File, Format Version 12.00
# Visual Studio Version 17
VisualStudioVersion = 17.1.32421.90
MinimumVisualStudioVersion = 10.0.40219.1
Project("{FAE04EC0-301F-11D3-BF4B-00C04F79EFBC}") = "Cod Loadout Randomizer v2", "Cod Loadout Randomizer v2.csproj", "{DAC3E666-0EC4-4E6F-8087-CBA2CA7BE5C6}"
EndProject
Global
	GlobalSection(SolutionConfigurationPlatforms) = preSolution
		Debug|Any CPU = Debug|Any CPU
		Release|Any CPU = Release|Any CPU
	EndGlobalSection
	GlobalSection(ProjectConfigurationPlatforms) = postSolution
		{DAC3E666-0EC4-4E6F-8087-CBA2CA7BE5C6}.Debug|Any CPU.ActiveCfg = Debug|Any CPU
		{DAC3E666-0EC4-4E6F-8087-CBA2CA7BE5C6}.Debug|Any CPU.Build.0 = Debug|Any CPU
		{DAC3E666-0EC4-4E6F-8087-CBA2CA7BE5C6}.Release|Any CPU.ActiveCfg = Release|Any CPU
		{DAC3E666-0EC4-4E6F-8087-CBA2CA7BE5C6}.Release|Any CPU.Build.0 = Release|Any CPU
	EndGlobalSection
	GlobalSection(SolutionProperties) = preSolution
		HideSolutionNode = FALSE
	EndGlobalSection
	GlobalSection(ExtensibilityGlobals) = postSolution
		SolutionGuid = {8DDF4754-BBD4-4E52-9ABA-93F00BFAFAD5}
	EndGlobalSection
EndGlobal
